
Microsoft Visual Studio Solution File, Format Version 10.00
# Visual Studio 2008
Project("{FAE04EC0-301F-11D3-BF4B-00C04F79EFBC}") = "ColorFilter", "ColorFilter\ColorFilter.csproj", "{9E447CB6-D36F-49EA-A8A2-8FAC2C76310B}"
EndProject
Global
	GlobalSection(SolutionConfigurationPlatforms) = preSolution
		Debug|Any CPU = Debug|Any CPU
		Release|Any CPU = Release|Any CPU
	EndGlobalSection
	GlobalSection(ProjectConfigurationPlatforms) = postSolution
		{9E447CB6-D36F-49EA-A8A2-8FAC2C76310B}.Debug|Any CPU.ActiveCfg = Debug|Any CPU
		{9E447CB6-D36F-49EA-A8A2-8FAC2C76310B}.Debug|Any CPU.Build.0 = Debug|Any CPU
		{9E447CB6-D36F-49EA-A8A2-8FAC2C76310B}.Release|Any CPU.ActiveCfg = Release|Any CPU
		{9E447CB6-D36F-49EA-A8A2-8FAC2C76310B}.Release|Any CPU.Build.0 = Release|Any CPU
	EndGlobalSection
	GlobalSection(SolutionProperties) = preSolution
		HideSolutionNode = FALSE
	EndGlobalSection
EndGlobal
